<Solution>
  <Project Path="Alerts.Interfaces/Alerts.Interfaces.csproj" />
  <Project Path="Algo.Analytics.CSharp/Algo.Analytics.CSharp.csproj" />
  <Project Path="Algo.Analytics.FSharp/Algo.Analytics.FSharp.fsproj" />
  <Project Path="Algo.Analytics/Algo.Analytics.csproj" />
  <Project Path="Algo.Compilation/Algo.Compilation.csproj" />
  <Project Path="Algo.Export/Algo.Export.csproj" />
  <Project Path="Algo.Gpu/Algo.Gpu.csproj" />
  <Project Path="Algo.Import/Algo.Import.csproj" />
  <Project Path="Algo.Indicators/Algo.Indicators.csproj" />
  <Project Path="Algo.Strategies/Algo.Strategies.csproj" />
  <Project Path="Algo.Testing/Algo.Testing.csproj" />
  <Project Path="Algo/Algo.csproj" />
  <Project Path="BusinessEntities/BusinessEntities.csproj" />
  <Project Path="Charting.Interfaces/Charting.Interfaces.csproj" />
  <Project Path="Configuration/Configuration.csproj" />
  <Project Path="Diagram.Core/Diagram.Core.csproj" />
  <Project Path="Localization.Generator/Localization.Generator.csproj" />
  <Project Path="Localization/Localization.csproj" />
  <Project Path="MatchingEngine/MatchingEngine.csproj" />
  <Project Path="Media.Generator/Media.Generator.csproj" />
  <Project Path="Media.Names/Media.Names.csproj" />
  <Project Path="Messages/Messages.csproj" />
  <Project Path="Reporting/Reporting.csproj" />
  <Project Path="Localization.Langs/all/Localization.all.csproj" />
  <Project Path="Localization.Langs/ar/Localization.ar.csproj" />
  <Project Path="Localization.Langs/bn/Localization.bn.csproj" />
  <Project Path="Localization.Langs/ca/Localization.ca.csproj" />
  <Project Path="Localization.Langs/cs/Localization.cs.csproj" />
  <Project Path="Localization.Langs/da/Localization.da.csproj" />
  <Project Path="Localization.Langs/de/Localization.de.csproj" />
  <Project Path="Localization.Langs/el/Localization.el.csproj" />
  <Project Path="Localization.Langs/es/Localization.es.csproj" />
  <Project Path="Localization.Langs/fa/Localization.fa.csproj" />
  <Project Path="Localization.Langs/fi/Localization.fi.csproj" />
  <Project Path="Localization.Langs/fr/Localization.fr.csproj" />
  <Project Path="Localization.Langs/he/Localization.he.csproj" />
  <Project Path="Localization.Langs/hi/Localization.hi.csproj" />
  <Project Path="Localization.Langs/hu/Localization.hu.csproj" />
  <Project Path="Localization.Langs/it/Localization.it.csproj" />
  <Project Path="Localization.Langs/ja/Localization.ja.csproj" />
  <Project Path="Localization.Langs/jv/Localization.jv.csproj" />
  <Project Path="Localization.Langs/ko/Localization.ko.csproj" />
  <Project Path="Localization.Langs/ms/Localization.ms.csproj" />
  <Project Path="Localization.Langs/my/Localization.my.csproj" />
  <Project Path="Localization.Langs/nl/Localization.nl.csproj" />
  <Project Path="Localization.Langs/no/Localization.no.csproj" />
  <Project Path="Localization.Langs/pa/Localization.pa.csproj" />
  <Project Path="Localization.Langs/pl/Localization.pl.csproj" />
  <Project Path="Localization.Langs/pt/Localization.pt.csproj" />
  <Project Path="Localization.Langs/ro/Localization.ro.csproj" />
  <Project Path="Localization.Langs/ru/Localization.ru.csproj" />
  <Project Path="Localization.Langs/sk/Localization.sk.csproj" />
  <Project Path="Localization.Langs/sr/Localization.sr.csproj" />
  <Project Path="Localization.Langs/sv/Localization.sv.csproj" />
  <Project Path="Localization.Langs/ta/Localization.ta.csproj" />
  <Project Path="Localization.Langs/th/Localization.th.csproj" />
  <Project Path="Localization.Langs/tl/Localization.tl.csproj" />
  <Project Path="Localization.Langs/tr/Localization.tr.csproj" />
  <Project Path="Localization.Langs/uk/Localization.uk.csproj" />
  <Project Path="Localization.Langs/uz/Localization.uz.csproj" />
  <Project Path="Localization.Langs/vi/Localization.vi.csproj" />
  <Project Path="Localization.Langs/zh/Localization.zh.csproj" />
</Solution>
